
Microsoft Visual Studio Solution File, Format Version 12.00
# Visual Studio Version 17
VisualStudioVersion = 17.1.32228.430
MinimumVisualStudioVersion = 10.0.40219.1
Project("{FAE04EC0-301F-11D3-BF4B-00C04F79EFBC}") = "Exercize3", "Exercize3.csproj", "{98FBBC4F-2F35-4285-8164-98B98970BE41}"
EndProject
Global
	GlobalSection(SolutionConfigurationPlatforms) = preSolution
		Debug|Any CPU = Debug|Any CPU
		Release|Any CPU = Release|Any CPU
	EndGlobalSection
	GlobalSection(ProjectConfigurationPlatforms) = postSolution
		{98FBBC4F-2F35-4285-8164-98B98970BE41}.Debug|Any CPU.ActiveCfg = Debug|Any CPU
		{98FBBC4F-2F35-4285-8164-98B98970BE41}.Debug|Any CPU.Build.0 = Debug|Any CPU
		{98FBBC4F-2F35-4285-8164-98B98970BE41}.Release|Any CPU.ActiveCfg = Release|Any CPU
		{98FBBC4F-2F35-4285-8164-98B98970BE41}.Release|Any CPU.Build.0 = Release|Any CPU
	EndGlobalSection
	GlobalSection(SolutionProperties) = preSolution
		HideSolutionNode = FALSE
	EndGlobalSection
	GlobalSection(ExtensibilityGlobals) = postSolution
		SolutionGuid = {FCC03251-103E-484A-A6C2-1B2EBB8B138D}
	EndGlobalSection
EndGlobal
